
Microsoft Visual Studio Solution File, Format Version 12.00
# Visual Studio 2012
Project("{2150E333-8FDC-42A3-9474-1A3956D46DE8}") = ".nuget", ".nuget", "{38BD8393-A2AB-4F91-BBA3-9538892BC98A}"
	ProjectSection(SolutionItems) = preProject
		.nuget\NuGet.Config = .nuget\NuGet.Config
		.nuget\NuGet.targets = .nuget\NuGet.targets
	EndProjectSection
EndProject
Project("{FAE04EC0-301F-11D3-BF4B-00C04F79EFBC}") = "Starcounter.Errors", "Starcounter.Errors\Starcounter.Errors.csproj", "{1F4D1E72-C615-42B1-9B29-D5A9CEDE09E0}"
EndProject
Project("{FAE04EC0-301F-11D3-BF4B-00C04F79EFBC}") = "Starcounter.ErrorCodes", "Starcounter.ErrorCodes\Starcounter.ErrorCodes.csproj", "{A01E39C7-920D-4F20-9481-5EC480AF588A}"
	ProjectSection(ProjectDependencies) = postProject
		{E7227798-95BC-4085-B65F-1F842F6935E4} = {E7227798-95BC-4085-B65F-1F842F6935E4}
	EndProjectSection
EndProject
Project("{FAE04EC0-301F-11D3-BF4B-00C04F79EFBC}") = "ErrorCodeCompiler", "ErrorCodeCompiler\ErrorCodeCompiler.csproj", "{E7227798-95BC-4085-B65F-1F842F6935E4}"
EndProject
Project("{8BC9CEB8-8B4A-11D0-8D11-00A0C91BC942}") = "scerrres", "scerrres\scerrres.vcxproj", "{5A65D606-6613-4139-8853-B5F26313E4DF}"
	ProjectSection(ProjectDependencies) = postProject
		{E7227798-95BC-4085-B65F-1F842F6935E4} = {E7227798-95BC-4085-B65F-1F842F6935E4}
	EndProjectSection
EndProject
Project("{8BC9CEB8-8B4A-11D0-8D11-00A0C91BC942}") = "scerrres32", "scerrres\scerrres32.vcxproj", "{AD78AE53-5B4C-4C20-B66E-78D42008DCE3}"
	ProjectSection(ProjectDependencies) = postProject
		{E7227798-95BC-4085-B65F-1F842F6935E4} = {E7227798-95BC-4085-B65F-1F842F6935E4}
	EndProjectSection
EndProject
Project("{2150E333-8FDC-42A3-9474-1A3956D46DE8}") = "Build", "Build", "{C96EAD2E-B0C3-43B3-B46F-DA4B12EE40C9}"
	ProjectSection(SolutionItems) = preProject
		Build.proj = Build.proj
		Starbits.Base.props = Starbits.Base.props
		Starbits.Tasks.targets = Starbits.Tasks.targets
		Starbits.Version.props = Starbits.Version.props
	EndProjectSection
EndProject
Global
	GlobalSection(SolutionConfigurationPlatforms) = preSolution
		Debug|x64 = Debug|x64
		Release|x64 = Release|x64
	EndGlobalSection
	GlobalSection(ProjectConfigurationPlatforms) = postSolution
		{1F4D1E72-C615-42B1-9B29-D5A9CEDE09E0}.Debug|x64.ActiveCfg = Debug|Any CPU
		{1F4D1E72-C615-42B1-9B29-D5A9CEDE09E0}.Debug|x64.Build.0 = Debug|Any CPU
		{1F4D1E72-C615-42B1-9B29-D5A9CEDE09E0}.Release|x64.ActiveCfg = Release|Any CPU
		{1F4D1E72-C615-42B1-9B29-D5A9CEDE09E0}.Release|x64.Build.0 = Release|Any CPU
		{A01E39C7-920D-4F20-9481-5EC480AF588A}.Debug|x64.ActiveCfg = Debug|Any CPU
		{A01E39C7-920D-4F20-9481-5EC480AF588A}.Debug|x64.Build.0 = Debug|Any CPU
		{A01E39C7-920D-4F20-9481-5EC480AF588A}.Release|x64.ActiveCfg = Release|Any CPU
		{A01E39C7-920D-4F20-9481-5EC480AF588A}.Release|x64.Build.0 = Release|Any CPU
		{E7227798-95BC-4085-B65F-1F842F6935E4}.Debug|x64.ActiveCfg = Debug|Any CPU
		{E7227798-95BC-4085-B65F-1F842F6935E4}.Debug|x64.Build.0 = Debug|Any CPU
		{E7227798-95BC-4085-B65F-1F842F6935E4}.Release|x64.ActiveCfg = Release|Any CPU
		{E7227798-95BC-4085-B65F-1F842F6935E4}.Release|x64.Build.0 = Release|Any CPU
		{5A65D606-6613-4139-8853-B5F26313E4DF}.Debug|x64.ActiveCfg = Debug|x64
		{5A65D606-6613-4139-8853-B5F26313E4DF}.Debug|x64.Build.0 = Debug|x64
		{5A65D606-6613-4139-8853-B5F26313E4DF}.Release|x64.ActiveCfg = Release|x64
		{5A65D606-6613-4139-8853-B5F26313E4DF}.Release|x64.Build.0 = Release|x64
		{AD78AE53-5B4C-4C20-B66E-78D42008DCE3}.Debug|x64.ActiveCfg = Debug|Win32
		{AD78AE53-5B4C-4C20-B66E-78D42008DCE3}.Debug|x64.Build.0 = Debug|Win32
		{AD78AE53-5B4C-4C20-B66E-78D42008DCE3}.Release|x64.ActiveCfg = Release|Win32
		{AD78AE53-5B4C-4C20-B66E-78D42008DCE3}.Release|x64.Build.0 = Release|Win32
	EndGlobalSection
	GlobalSection(SolutionProperties) = preSolution
		HideSolutionNode = FALSE
	EndGlobalSection
EndGlobal
