
Microsoft Visual Studio Solution File, Format Version 12.00
# Visual Studio 2012
Project("{FAE04EC0-301F-11D3-BF4B-00C04F79EFBC}") = "GoodGet", "GoodGet\GoodGet.csproj", "{AC28D62F-1EA3-4028-8D44-BBA1644ACD3B}"
EndProject
Project("{FAE04EC0-301F-11D3-BF4B-00C04F79EFBC}") = "ContinuousPackageVersioning", "ContinuousPackageVersioning\ContinuousPackageVersioning.csproj", "{99EF7CF0-AA1C-46C0-B7E8-917EB273243F}"
EndProject
Global
	GlobalSection(SolutionConfigurationPlatforms) = preSolution
		Debug|Any CPU = Debug|Any CPU
		Release|Any CPU = Release|Any CPU
	EndGlobalSection
	GlobalSection(ProjectConfigurationPlatforms) = postSolution
		{AC28D62F-1EA3-4028-8D44-BBA1644ACD3B}.Debug|Any CPU.ActiveCfg = Debug|Any CPU
		{AC28D62F-1EA3-4028-8D44-BBA1644ACD3B}.Debug|Any CPU.Build.0 = Debug|Any CPU
		{AC28D62F-1EA3-4028-8D44-BBA1644ACD3B}.Release|Any CPU.ActiveCfg = Release|Any CPU
		{AC28D62F-1EA3-4028-8D44-BBA1644ACD3B}.Release|Any CPU.Build.0 = Release|Any CPU
		{99EF7CF0-AA1C-46C0-B7E8-917EB273243F}.Debug|Any CPU.ActiveCfg = Debug|Any CPU
		{99EF7CF0-AA1C-46C0-B7E8-917EB273243F}.Debug|Any CPU.Build.0 = Debug|Any CPU
		{99EF7CF0-AA1C-46C0-B7E8-917EB273243F}.Release|Any CPU.ActiveCfg = Release|Any CPU
		{99EF7CF0-AA1C-46C0-B7E8-917EB273243F}.Release|Any CPU.Build.0 = Release|Any CPU
	EndGlobalSection
	GlobalSection(SolutionProperties) = preSolution
		HideSolutionNode = FALSE
	EndGlobalSection
EndGlobal
